
Microsoft Visual Studio Solution File, Format Version 12.00
# Visual Studio Version 17
VisualStudioVersion = 17.13.35828.75
MinimumVisualStudioVersion = 10.0.40219.1
Project("{2150E333-8FDC-42A3-9474-1A3956D46DE8}") = "src", "src", "{02EA681E-C7D8-13C7-8484-4AC65E1B71E8}"
EndProject
Project("{FAE04EC0-301F-11D3-BF4B-00C04F79EFBC}") = "Poolz.Finance.CSharp.Strapi.Authorization", "src\Poolz.Finance.CSharp.Strapi.Authorization\Poolz.Finance.CSharp.Strapi.Authorization.csproj", "{94A5C524-FC8C-007D-A53E-BF968B25DC62}"
EndProject
Project("{FAE04EC0-301F-11D3-BF4B-00C04F79EFBC}") = "Poolz.Finance.CSharp.Strapi.Authorization.Example", "src\Poolz.Finance.CSharp.Strapi.Authorization.Example\Poolz.Finance.CSharp.Strapi.Authorization.Example.csproj", "{15E065D6-7510-43F9-9AAC-D5C5AF2E887D}"
EndProject
Global
	GlobalSection(SolutionConfigurationPlatforms) = preSolution
		Debug|Any CPU = Debug|Any CPU
		Release|Any CPU = Release|Any CPU
	EndGlobalSection
	GlobalSection(ProjectConfigurationPlatforms) = postSolution
		{94A5C524-FC8C-007D-A53E-BF968B25DC62}.Debug|Any CPU.ActiveCfg = Debug|Any CPU
		{94A5C524-FC8C-007D-A53E-BF968B25DC62}.Debug|Any CPU.Build.0 = Debug|Any CPU
		{94A5C524-FC8C-007D-A53E-BF968B25DC62}.Release|Any CPU.ActiveCfg = Release|Any CPU
		{94A5C524-FC8C-007D-A53E-BF968B25DC62}.Release|Any CPU.Build.0 = Release|Any CPU
		{15E065D6-7510-43F9-9AAC-D5C5AF2E887D}.Debug|Any CPU.ActiveCfg = Debug|Any CPU
		{15E065D6-7510-43F9-9AAC-D5C5AF2E887D}.Debug|Any CPU.Build.0 = Debug|Any CPU
		{15E065D6-7510-43F9-9AAC-D5C5AF2E887D}.Release|Any CPU.ActiveCfg = Release|Any CPU
		{15E065D6-7510-43F9-9AAC-D5C5AF2E887D}.Release|Any CPU.Build.0 = Release|Any CPU
	EndGlobalSection
	GlobalSection(SolutionProperties) = preSolution
		HideSolutionNode = FALSE
	EndGlobalSection
	GlobalSection(NestedProjects) = preSolution
		{94A5C524-FC8C-007D-A53E-BF968B25DC62} = {02EA681E-C7D8-13C7-8484-4AC65E1B71E8}
		{15E065D6-7510-43F9-9AAC-D5C5AF2E887D} = {02EA681E-C7D8-13C7-8484-4AC65E1B71E8}
	EndGlobalSection
	GlobalSection(ExtensibilityGlobals) = postSolution
		SolutionGuid = {B7379DDE-1A13-437A-8DF7-45CE5877BD6F}
	EndGlobalSection
EndGlobal
